// !$*UTF8*$!
{
	archiveVersion = 1;
	classes = {
	};
	objectVersion = 46;
	objects = {

/* Begin PBXBuildFile section */
		EA5607451AE2DB3300A7F8FD /* AppDelegate.swift in Sources */ = {isa = PBXBuildFile; fileRef = EA5607441AE2DB3300A7F8FD /* AppDelegate.swift */; };
		EA5607471AE2DB3300A7F8FD /* ViewController.swift in Sources */ = {isa = PBXBuildFile; fileRef = EA5607461AE2DB3300A7F8FD /* ViewController.swift */; };
		EA56074A1AE2DB3300A7F8FD /* Main.storyboard in Resources */ = {isa = PBXBuildFile; fileRef = EA5607481AE2DB3300A7F8FD /* Main.storyboard */; };
		EA56074C1AE2DB3300A7F8FD /* Images.xcassets in Resources */ = {isa = PBXBuildFile; fileRef = EA56074B1AE2DB3300A7F8FD /* Images.xcassets */; };
		EA56074F1AE2DB3300A7F8FD /* LaunchScreen.xib in Resources */ = {isa = PBXBuildFile; fileRef = EA56074D1AE2DB3300A7F8FD /* LaunchScreen.xib */; };
		EA56075B1AE2DB3300A7F8FD /* prj2_2_1_presentingVCTests.swift in Sources */ = {isa = PBXBuildFile; fileRef = EA56075A1AE2DB3300A7F8FD /* prj2_2_1_presentingVCTests.swift */; };
/* End PBXBuildFile section */

/* Begin PBXContainerItemProxy section */
		EA5607551AE2DB3300A7F8FD /* PBXContainerItemProxy */ = {
			isa = PBXContainerItemProxy;
			containerPortal = EA5607371AE2DB3300A7F8FD /* Project object */;
			proxyType = 1;
			remoteGlobalIDString = EA56073E1AE2DB3300A7F8FD;
			remoteInfo = "prj2.2.1-presentingVC";
		};
/* End PBXContainerItemProxy section */

/* Begin PBXFileReference section */
		EA56073F1AE2DB3300A7F8FD /* prj2.2.1-presentingVC.app */ = {isa = PBXFileReference; explicitFileType = wrapper.application; includeInIndex = 0; path = "prj2.2.1-presentingVC.app"; sourceTree = BUILT_PRODUCTS_DIR; };
		EA5607431AE2DB3300A7F8FD /* Info.plist */ = {isa = PBXFileReference; lastKnownFileType = text.plist.xml; path = Info.plist; sourceTree = "<group>"; };
		EA5607441AE2DB3300A7F8FD /* AppDelegate.swift */ = {isa = PBXFileReference; lastKnownFileType = sourcecode.swift; path = AppDelegate.swift; sourceTree = "<group>"; };
		EA5607461AE2DB3300A7F8FD /* ViewController.swift */ = {isa = PBXFileReference; lastKnownFileType = sourcecode.swift; path = ViewController.swift; sourceTree = "<group>"; };
		EA5607491AE2DB3300A7F8FD /* Base */ = {isa = PBXFileReference; lastKnownFileType = file.storyboard; name = Base; path = Base.lproj/Main.storyboard; sourceTree = "<group>"; };
		EA56074B1AE2DB3300A7F8FD /* Images.xcassets */ = {isa = PBXFileReference; lastKnownFileType = folder.assetcatalog; path = Images.xcassets; sourceTree = "<group>"; };
		EA56074E1AE2DB3300A7F8FD /* Base */ = {isa = PBXFileReference; lastKnownFileType = file.xib; name = Base; path = Base.lproj/LaunchScreen.xib; sourceTree = "<group>"; };
		EA5607541AE2DB3300A7F8FD /* prj2.2.1-presentingVCTests.xctest */ = {isa = PBXFileReference; explicitFileType = wrapper.cfbundle; includeInIndex = 0; path = "prj2.2.1-presentingVCTests.xctest"; sourceTree = BUILT_PRODUCTS_DIR; };
		EA5607591AE2DB3300A7F8FD /* Info.plist */ = {isa = PBXFileReference; lastKnownFileType = text.plist.xml; path = Info.plist; sourceTree = "<group>"; };
		EA56075A1AE2DB3300A7F8FD /* prj2_2_1_presentingVCTests.swift */ = {isa = PBXFileReference; lastKnownFileType = sourcecode.swift; path = prj2_2_1_presentingVCTests.swift; sourceTree = "<group>"; };
/* End PBXFileReference section */

/* Begin PBXFrameworksBuildPhase section */
		EA56073C1AE2DB3300A7F8FD /* Frameworks */ = {
			isa = PBXFrameworksBuildPhase;
			buildActionMask = 2147483647;
			files = (
			);
			runOnlyForDeploymentPostprocessing = 0;
		};
		EA5607511AE2DB3300A7F8FD /* Frameworks */ = {
			isa = PBXFrameworksBuildPhase;
			buildActionMask = 2147483647;
			files = (
			);
			runOnlyForDeploymentPostprocessing = 0;
		};
/* End PBXFrameworksBuildPhase section */

/* Begin PBXGroup section */
		EA5607361AE2DB3300A7F8FD = {
			isa = PBXGroup;
			children = (
				EA5607411AE2DB3300A7F8FD /* prj2.2.1-presentingVC */,
				EA5607571AE2DB3300A7F8FD /* prj2.2.1-presentingVCTests */,
				EA5607401AE2DB3300A7F8FD /* Products */,
			);
			sourceTree = "<group>";
		};
		EA5607401AE2DB3300A7F8FD /* Products */ = {
			isa = PBXGroup;
			children = (
				EA56073F1AE2DB3300A7F8FD /* prj2.2.1-presentingVC.app */,
				EA5607541AE2DB3300A7F8FD /* prj2.2.1-presentingVCTests.xctest */,
			);
			name = Products;
			sourceTree = "<group>";
		};
		EA5607411AE2DB3300A7F8FD /* prj2.2.1-presentingVC */ = {
			isa = PBXGroup;
			children = (
				EA5607441AE2DB3300A7F8FD /* AppDelegate.swift */,
				EA5607461AE2DB3300A7F8FD /* ViewController.swift */,
				EA5607481AE2DB3300A7F8FD /* Main.storyboard */,
				EA56074B1AE2DB3300A7F8FD /* Images.xcassets */,
				EA56074D1AE2DB3300A7F8FD /* LaunchScreen.xib */,
				EA5607421AE2DB3300A7F8FD /* Supporting Files */,
			);
			path = "prj2.2.1-presentingVC";
			sourceTree = "<group>";
		};
		EA5607421AE2DB3300A7F8FD /* Supporting Files */ = {
			isa = PBXGroup;
			children = (
				EA5607431AE2DB3300A7F8FD /* Info.plist */,
			);
			name = "Supporting Files";
			sourceTree = "<group>";
		};
		EA5607571AE2DB3300A7F8FD /* prj2.2.1-presentingVCTests */ = {
			isa = PBXGroup;
			children = (
				EA56075A1AE2DB3300A7F8FD /* prj2_2_1_presentingVCTests.swift */,
				EA5607581AE2DB3300A7F8FD /* Supporting Files */,
			);
			path = "prj2.2.1-presentingVCTests";
			sourceTree = "<group>";
		};
		EA5607581AE2DB3300A7F8FD /* Supporting Files */ = {
			isa = PBXGroup;
			children = (
				EA5607591AE2DB3300A7F8FD /* Info.plist */,
			);
			name = "Supporting Files";
			sourceTree = "<group>";
		};
/* End PBXGroup section */

/* Begin PBXNativeTarget section */
		EA56073E1AE2DB3300A7F8FD /* prj2.2.1-presentingVC */ = {
			isa = PBXNativeTarget;
			buildConfigurationList = EA56075E1AE2DB3300A7F8FD /* Build configuration list for PBXNativeTarget "prj2.2.1-presentingVC" */;
			buildPhases = (
				EA56073B1AE2DB3300A7F8FD /* Sources */,
				EA56073C1AE2DB3300A7F8FD /* Frameworks */,
				EA56073D1AE2DB3300A7F8FD /* Resources */,
			);
			buildRules = (
			);
			dependencies = (
			);
			name = "prj2.2.1-presentingVC";
			productName = "prj2.2.1-presentingVC";
			productReference = EA56073F1AE2DB3300A7F8FD /* prj2.2.1-presentingVC.app */;
			productType = "com.apple.product-type.application";
		};
		EA5607531AE2DB3300A7F8FD /* prj2.2.1-presentingVCTests */ = {
			isa = PBXNativeTarget;
			buildConfigurationList = EA5607611AE2DB3300A7F8FD /* Build configuration list for PBXNativeTarget "prj2.2.1-presentingVCTests" */;
			buildPhases = (
				EA5607501AE2DB3300A7F8FD /* Sources */,
				EA5607511AE2DB3300A7F8FD /* Frameworks */,
				EA5607521AE2DB3300A7F8FD /* Resources */,
			);
			buildRules = (
			);
			dependencies = (
				EA5607561AE2DB3300A7F8FD /* PBXTargetDependency */,
			);
			name = "prj2.2.1-presentingVCTests";
			productName = "prj2.2.1-presentingVCTests";
			productReference = EA5607541AE2DB3300A7F8FD /* prj2.2.1-presentingVCTests.xctest */;
			productType = "com.apple.product-type.bundle.unit-test";
		};
/* End PBXNativeTarget section */

/* Begin PBXProject section */
		EA5607371AE2DB3300A7F8FD /* Project object */ = {
			isa = PBXProject;
			attributes = {
				LastUpgradeCheck = 0630;
				ORGANIZATIONNAME = "Kwan Castle";
				TargetAttributes = {
					EA56073E1AE2DB3300A7F8FD = {
						CreatedOnToolsVersion = 6.3;
					};
					EA5607531AE2DB3300A7F8FD = {
						CreatedOnToolsVersion = 6.3;
						TestTargetID = EA56073E1AE2DB3300A7F8FD;
					};
				};
			};
			buildConfigurationList = EA56073A1AE2DB3300A7F8FD /* Build configuration list for PBXProject "prj2.2.1-presentingVC" */;
			compatibilityVersion = "Xcode 3.2";
			developmentRegion = English;
			hasScannedForEncodings = 0;
			knownRegions = (
				en,
				Base,
			);
			mainGroup = EA5607361AE2DB3300A7F8FD;
			productRefGroup = EA5607401AE2DB3300A7F8FD /* Products */;
			projectDirPath = "";
			projectRoot = "";
			targets = (
				EA56073E1AE2DB3300A7F8FD /* prj2.2.1-presentingVC */,
				EA5607531AE2DB3300A7F8FD /* prj2.2.1-presentingVCTests */,
			);
		};
/* End PBXProject section */

/* Begin PBXResourcesBuildPhase section */
		EA56073D1AE2DB3300A7F8FD /* Resources */ = {
			isa = PBXResourcesBuildPhase;
			buildActionMask = 2147483647;
			files = (
				EA56074A1AE2DB3300A7F8FD /* Main.storyboard in Resources */,
				EA56074F1AE2DB3300A7F8FD /* LaunchScreen.xib in Resources */,
				EA56074C1AE2DB3300A7F8FD /* Images.xcassets in Resources */,
			);
			runOnlyForDeploymentPostprocessing = 0;
		};
		EA5607521AE2DB3300A7F8FD /* Resources */ = {
			isa = PBXResourcesBuildPhase;
			buildActionMask = 2147483647;
			files = (
			);
			runOnlyForDeploymentPostprocessing = 0;
		};
/* End PBXResourcesBuildPhase section */

/* Begin PBXSourcesBuildPhase section */
		EA56073B1AE2DB3300A7F8FD /* Sources */ = {
			isa = PBXSourcesBuildPhase;
			buildActionMask = 2147483647;
			files = (
				EA5607471AE2DB3300A7F8FD /* ViewController.swift in Sources */,
				EA5607451AE2DB3300A7F8FD /* AppDelegate.swift in Sources */,
			);
			runOnlyForDeploymentPostprocessing = 0;
		};
		EA5607501AE2DB3300A7F8FD /* Sources */ = {
			isa = PBXSourcesBuildPhase;
			buildActionMask = 2147483647;
			files = (
				EA56075B1AE2DB3300A7F8FD /* prj2_2_1_presentingVCTests.swift in Sources */,
			);
			runOnlyForDeploymentPostprocessing = 0;
		};
/* End PBXSourcesBuildPhase section */

/* Begin PBXTargetDependency section */
		EA5607561AE2DB3300A7F8FD /* PBXTargetDependency */ = {
			isa = PBXTargetDependency;
			target = EA56073E1AE2DB3300A7F8FD /* prj2.2.1-presentingVC */;
			targetProxy = EA5607551AE2DB3300A7F8FD /* PBXContainerItemProxy */;
		};
/* End PBXTargetDependency section */

/* Begin PBXVariantGroup section */
		EA5607481AE2DB3300A7F8FD /* Main.storyboard */ = {
			isa = PBXVariantGroup;
			children = (
				EA5607491AE2DB3300A7F8FD /* Base */,
			);
			name = Main.storyboard;
			sourceTree = "<group>";
		};
		EA56074D1AE2DB3300A7F8FD /* LaunchScreen.xib */ = {
			isa = PBXVariantGroup;
			children = (
				EA56074E1AE2DB3300A7F8FD /* Base */,
			);
			name = LaunchScreen.xib;
			sourceTree = "<group>";
		};
/* End PBXVariantGroup section */

/* Begin XCBuildConfiguration section */
		EA56075C1AE2DB3300A7F8FD /* Debug */ = {
			isa = XCBuildConfiguration;
			buildSettings = {
				ALWAYS_SEARCH_USER_PATHS = NO;
				CLANG_CXX_LANGUAGE_STANDARD = "gnu++0x";
				CLANG_CXX_LIBRARY = "libc++";
				CLANG_ENABLE_MODULES = YES;
				CLANG_ENABLE_OBJC_ARC = YES;
				CLANG_WARN_BOOL_CONVERSION = YES;
				CLANG_WARN_CONSTANT_CONVERSION = YES;
				CLANG_WARN_DIRECT_OBJC_ISA_USAGE = YES_ERROR;
				CLANG_WARN_EMPTY_BODY = YES;
				CLANG_WARN_ENUM_CONVERSION = YES;
				CLANG_WARN_INT_CONVERSION = YES;
				CLANG_WARN_OBJC_ROOT_CLASS = YES_ERROR;
				CLANG_WARN_UNREACHABLE_CODE = YES;
				CLANG_WARN__DUPLICATE_METHOD_MATCH = YES;
				"CODE_SIGN_IDENTITY[sdk=iphoneos*]" = "iPhone Developer";
				COPY_PHASE_STRIP = NO;
				DEBUG_INFORMATION_FORMAT = "dwarf-with-dsym";
				ENABLE_STRICT_OBJC_MSGSEND = YES;
				GCC_C_LANGUAGE_STANDARD = gnu99;
				GCC_DYNAMIC_NO_PIC = NO;
				GCC_NO_COMMON_BLOCKS = YES;
				GCC_OPTIMIZATION_LEVEL = 0;
				GCC_PREPROCESSOR_DEFINITIONS = (
					"DEBUG=1",
					"$(inherited)",
				);
				GCC_SYMBOLS_PRIVATE_EXTERN = NO;
				GCC_WARN_64_TO_32_BIT_CONVERSION = YES;
				GCC_WARN_ABOUT_RETURN_TYPE = YES_ERROR;
				GCC_WARN_UNDECLARED_SELECTOR = YES;
				GCC_WARN_UNINITIALIZED_AUTOS = YES_AGGRESSIVE;
				GCC_WARN_UNUSED_FUNCTION = YES;
				GCC_WARN_UNUSED_VARIABLE = YES;
				IPHONEOS_DEPLOYMENT_TARGET = 8.3;
				MTL_ENABLE_DEBUG_INFO = YES;
				ONLY_ACTIVE_ARCH = YES;
				SDKROOT = iphoneos;
				SWIFT_OPTIMIZATION_LEVEL = "-Onone";
			};
			name = Debug;
		};
		EA56075D1AE2DB3300A7F8FD /* Release */ = {
			isa = XCBuildConfiguration;
			buildSettings = {
				ALWAYS_SEARCH_USER_PATHS = NO;
				CLANG_CXX_LANGUAGE_STANDARD = "gnu++0x";
				CLANG_CXX_LIBRARY = "libc++";
				CLANG_ENABLE_MODULES = YES;
				CLANG_ENABLE_OBJC_ARC = YES;
				CLANG_WARN_BOOL_CONVERSION = YES;
				CLANG_WARN_CONSTANT_CONVERSION = YES;
				CLANG_WARN_DIRECT_OBJC_ISA_USAGE = YES_ERROR;
				CLANG_WARN_EMPTY_BODY = YES;
				CLANG_WARN_ENUM_CONVERSION = YES;
				CLANG_WARN_INT_CONVERSION = YES;
				CLANG_WARN_OBJC_ROOT_CLASS = YES_ERROR;
				CLANG_WARN_UNREACHABLE_CODE = YES;
				CLANG_WARN__DUPLICATE_METHOD_MATCH = YES;
				"CODE_SIGN_IDENTITY[sdk=iphoneos*]" = "iPhone Developer";
				COPY_PHASE_STRIP = NO;
				DEBUG_INFORMATION_FORMAT = "dwarf-with-dsym";
				ENABLE_NS_ASSERTIONS = NO;
				ENABLE_STRICT_OBJC_MSGSEND = YES;
				GCC_C_LANGUAGE_STANDARD = gnu99;
				GCC_NO_COMMON_BLOCKS = YES;
				GCC_WARN_64_TO_32_BIT_CONVERSION = YES;
				GCC_WARN_ABOUT_RETURN_TYPE = YES_ERROR;
				GCC_WARN_UNDECLARED_SELECTOR = YES;
				GCC_WARN_UNINITIALIZED_AUTOS = YES_AGGRESSIVE;
				GCC_WARN_UNUSED_FUNCTION = YES;
				GCC_WARN_UNUSED_VARIABLE = YES;
				IPHONEOS_DEPLOYMENT_TARGET = 8.3;
				MTL_ENABLE_DEBUG_INFO = NO;
				SDKROOT = iphoneos;
				VALIDATE_PRODUCT = YES;
			};
			name = Release;
		};
		EA56075F1AE2DB3300A7F8FD /* Debug */ = {
			isa = XCBuildConfiguration;
			buildSettings = {
				ASSETCATALOG_COMPILER_APPICON_NAME = AppIcon;
				INFOPLIST_FILE = "prj2.2.1-presentingVC/Info.plist";
				LD_RUNPATH_SEARCH_PATHS = "$(inherited) @executable_path/Frameworks";
				PRODUCT_NAME = "$(TARGET_NAME)";
			};
			name = Debug;
		};
		EA5607601AE2DB3300A7F8FD /* Release */ = {
			isa = XCBuildConfiguration;
			buildSettings = {
				ASSETCATALOG_COMPILER_APPICON_NAME = AppIcon;
				INFOPLIST_FILE = "prj2.2.1-presentingVC/Info.plist";
				LD_RUNPATH_SEARCH_PATHS = "$(inherited) @executable_path/Frameworks";
				PRODUCT_NAME = "$(TARGET_NAME)";
			};
			name = Release;
		};
		EA5607621AE2DB3300A7F8FD /* Debug */ = {
			isa = XCBuildConfiguration;
			buildSettings = {
				BUNDLE_LOADER = "$(TEST_HOST)";
				FRAMEWORK_SEARCH_PATHS = (
					"$(SDKROOT)/Developer/Library/Frameworks",
					"$(inherited)",
				);
				GCC_PREPROCESSOR_DEFINITIONS = (
					"DEBUG=1",
					"$(inherited)",
				);
				INFOPLIST_FILE = "prj2.2.1-presentingVCTests/Info.plist";
				LD_RUNPATH_SEARCH_PATHS = "$(inherited) @executable_path/Frameworks @loader_path/Frameworks";
				PRODUCT_NAME = "$(TARGET_NAME)";
				TEST_HOST = "$(BUILT_PRODUCTS_DIR)/prj2.2.1-presentingVC.app/prj2.2.1-presentingVC";
			};
			name = Debug;
		};
		EA5607631AE2DB3300A7F8FD /* Release */ = {
			isa = XCBuildConfiguration;
			buildSettings = {
				BUNDLE_LOADER = "$(TEST_HOST)";
				FRAMEWORK_SEARCH_PATHS = (
					"$(SDKROOT)/Developer/Library/Frameworks",
					"$(inherited)",
				);
				INFOPLIST_FILE = "prj2.2.1-presentingVCTests/Info.plist";
				LD_RUNPATH_SEARCH_PATHS = "$(inherited) @executable_path/Frameworks @loader_path/Frameworks";
				PRODUCT_NAME = "$(TARGET_NAME)";
				TEST_HOST = "$(BUILT_PRODUCTS_DIR)/prj2.2.1-presentingVC.app/prj2.2.1-presentingVC";
			};
			name = Release;
		};
/* End XCBuildConfiguration section */

/* Begin XCConfigurationList section */
		EA56073A1AE2DB3300A7F8FD /* Build configuration list for PBXProject "prj2.2.1-presentingVC" */ = {
			isa = XCConfigurationList;
			buildConfigurations = (
				EA56075C1AE2DB3300A7F8FD /* Debug */,
				EA56075D1AE2DB3300A7F8FD /* Release */,
			);
			defaultConfigurationIsVisible = 0;
			defaultConfigurationName = Release;
		};
		EA56075E1AE2DB3300A7F8FD /* Build configuration list for PBXNativeTarget "prj2.2.1-presentingVC" */ = {
			isa = XCConfigurationList;
			buildConfigurations = (
				EA56075F1AE2DB3300A7F8FD /* Debug */,
				EA5607601AE2DB3300A7F8FD /* Release */,
			);
			defaultConfigurationIsVisible = 0;
		};
		EA5607611AE2DB3300A7F8FD /* Build configuration list for PBXNativeTarget "prj2.2.1-presentingVCTests" */ = {
			isa = XCConfigurationList;
			buildConfigurations = (
				EA5607621AE2DB3300A7F8FD /* Debug */,
				EA5607631AE2DB3300A7F8FD /* Release */,
			);
			defaultConfigurationIsVisible = 0;
		};
/* End XCConfigurationList section */
	};
	rootObject = EA5607371AE2DB3300A7F8FD /* Project object */;
}
